# This file is automatically @generated by Poetry 1.5.4 and should not be changed by hand.

[[package]]
name = "pyenv-api"
version = "1.1.0"
description = "A simple API for pyenv"
optional = false
python-versions = "*"
files = [
    {file = "pyenv-api-1.1.0.tar.gz", hash = "sha256:330420c05460432dd4b630278a3b78c3ad339ac2f062bc46a6da5eb1aa2c915d"},
    {file = "pyenv_api-1.1.0-py2.py3-none-any.whl", hash = "sha256:02e4fc399409c5e120563d58d6ef62cc9f3cb921f34532128bcd28f43dfc0bfd"},
]

[metadata]
lock-version = "2.0"
python-versions = ">=3.10.0,<3.12"
content-hash = "67e584760d84b79a9e57644aa06974c97c5f070195a4d7423ecf96bf4d6d72aa"
